
Microsoft Visual Studio Solution File, Format Version 12.00
# Visual Studio Version 16
VisualStudioVersion = 16.0.30011.22
MinimumVisualStudioVersion = 10.0.40219.1
Project("{FAE04EC0-301F-11D3-BF4B-00C04F79EFBC}") = "MarsRover", "MarsRover\MarsRover.csproj", "{F95EA4FF-10C4-41A9-9386-A0403C8E05A5}"
EndProject
Project("{FAE04EC0-301F-11D3-BF4B-00C04F79EFBC}") = "ConsoleApp1", "ConsoleApp1\ConsoleApp1.csproj", "{81D45ED6-BF9A-4B42-B2BA-B8CF4C91871A}"
EndProject
Project("{FAE04EC0-301F-11D3-BF4B-00C04F79EFBC}") = "MarsRoverTest", "MarsRoverTest\MarsRoverTest.csproj", "{6E85FA4F-8FC5-4089-B36E-28E214E04965}"
EndProject
Global
	GlobalSection(SolutionConfigurationPlatforms) = preSolution
		Debug|Any CPU = Debug|Any CPU
		Release|Any CPU = Release|Any CPU
	EndGlobalSection
	GlobalSection(ProjectConfigurationPlatforms) = postSolution
		{F95EA4FF-10C4-41A9-9386-A0403C8E05A5}.Debug|Any CPU.ActiveCfg = Debug|Any CPU
		{F95EA4FF-10C4-41A9-9386-A0403C8E05A5}.Debug|Any CPU.Build.0 = Debug|Any CPU
		{F95EA4FF-10C4-41A9-9386-A0403C8E05A5}.Release|Any CPU.ActiveCfg = Release|Any CPU
		{F95EA4FF-10C4-41A9-9386-A0403C8E05A5}.Release|Any CPU.Build.0 = Release|Any CPU
		{81D45ED6-BF9A-4B42-B2BA-B8CF4C91871A}.Debug|Any CPU.ActiveCfg = Debug|Any CPU
		{81D45ED6-BF9A-4B42-B2BA-B8CF4C91871A}.Debug|Any CPU.Build.0 = Debug|Any CPU
		{81D45ED6-BF9A-4B42-B2BA-B8CF4C91871A}.Release|Any CPU.ActiveCfg = Release|Any CPU
		{81D45ED6-BF9A-4B42-B2BA-B8CF4C91871A}.Release|Any CPU.Build.0 = Release|Any CPU
		{6E85FA4F-8FC5-4089-B36E-28E214E04965}.Debug|Any CPU.ActiveCfg = Debug|Any CPU
		{6E85FA4F-8FC5-4089-B36E-28E214E04965}.Debug|Any CPU.Build.0 = Debug|Any CPU
		{6E85FA4F-8FC5-4089-B36E-28E214E04965}.Release|Any CPU.ActiveCfg = Release|Any CPU
		{6E85FA4F-8FC5-4089-B36E-28E214E04965}.Release|Any CPU.Build.0 = Release|Any CPU
	EndGlobalSection
	GlobalSection(SolutionProperties) = preSolution
		HideSolutionNode = FALSE
	EndGlobalSection
	GlobalSection(ExtensibilityGlobals) = postSolution
		SolutionGuid = {A42D30B3-8D4A-4E56-9B75-28A91AB5E8A1}
	EndGlobalSection
EndGlobal
